
Microsoft Visual Studio Solution File, Format Version 12.00
# Visual Studio Version 17
VisualStudioVersion = 17.11.35312.102
MinimumVisualStudioVersion = 10.0.40219.1
Project("{2150E333-8FDC-42A3-9474-1A3956D46DE8}") = "WebApp", "WebApp", "{0552E96D-F4A2-460A-ABC2-D0E65C318744}"
EndProject
Project("{2150E333-8FDC-42A3-9474-1A3956D46DE8}") = "DB", "DB", "{2A770C48-88B3-4F6F-B047-DDF210BF992C}"
	ProjectSection(SolutionItems) = preProject
		Accounts.sql = Accounts.sql
		Companies.sql = Companies.sql
	EndProjectSection
EndProject
Project("{2150E333-8FDC-42A3-9474-1A3956D46DE8}") = "Client", "Client", "{47B48483-F560-4CA7-AF07-A867B672F6FE}"
EndProject
Project("{9A19103F-16F7-4668-BE54-9A1E7A4F7556}") = "Api", "Api\Api.csproj", "{7F0A473E-E744-4F2D-A9BE-FADED4D8921D}"
EndProject
Project("{9A19103F-16F7-4668-BE54-9A1E7A4F7556}") = "Domain", "Domain\Domain.csproj", "{BF62D377-8501-4660-9CE7-332758C0BC7C}"
EndProject
Project("{9A19103F-16F7-4668-BE54-9A1E7A4F7556}") = "Data", "Data\Data.csproj", "{CD4BF862-87F7-4D15-A9B3-DA3039C1F46E}"
EndProject
Project("{2150E333-8FDC-42A3-9474-1A3956D46DE8}") = "Scripts", "Scripts", "{834D66C0-5497-4771-B99D-D26F95D0C007}"
	ProjectSection(SolutionItems) = preProject
		Accounts.sql = Accounts.sql
		Companies.sql = Companies.sql
	EndProjectSection
EndProject
Global
	GlobalSection(SolutionConfigurationPlatforms) = preSolution
		Debug|Any CPU = Debug|Any CPU
		Release|Any CPU = Release|Any CPU
	EndGlobalSection
	GlobalSection(ProjectConfigurationPlatforms) = postSolution
		{7F0A473E-E744-4F2D-A9BE-FADED4D8921D}.Debug|Any CPU.ActiveCfg = Debug|Any CPU
		{7F0A473E-E744-4F2D-A9BE-FADED4D8921D}.Debug|Any CPU.Build.0 = Debug|Any CPU
		{7F0A473E-E744-4F2D-A9BE-FADED4D8921D}.Release|Any CPU.ActiveCfg = Release|Any CPU
		{7F0A473E-E744-4F2D-A9BE-FADED4D8921D}.Release|Any CPU.Build.0 = Release|Any CPU
		{BF62D377-8501-4660-9CE7-332758C0BC7C}.Debug|Any CPU.ActiveCfg = Debug|Any CPU
		{BF62D377-8501-4660-9CE7-332758C0BC7C}.Debug|Any CPU.Build.0 = Debug|Any CPU
		{BF62D377-8501-4660-9CE7-332758C0BC7C}.Release|Any CPU.ActiveCfg = Release|Any CPU
		{BF62D377-8501-4660-9CE7-332758C0BC7C}.Release|Any CPU.Build.0 = Release|Any CPU
		{CD4BF862-87F7-4D15-A9B3-DA3039C1F46E}.Debug|Any CPU.ActiveCfg = Debug|Any CPU
		{CD4BF862-87F7-4D15-A9B3-DA3039C1F46E}.Debug|Any CPU.Build.0 = Debug|Any CPU
		{CD4BF862-87F7-4D15-A9B3-DA3039C1F46E}.Release|Any CPU.ActiveCfg = Release|Any CPU
		{CD4BF862-87F7-4D15-A9B3-DA3039C1F46E}.Release|Any CPU.Build.0 = Release|Any CPU
	EndGlobalSection
	GlobalSection(SolutionProperties) = preSolution
		HideSolutionNode = FALSE
	EndGlobalSection
	GlobalSection(NestedProjects) = preSolution
		{7F0A473E-E744-4F2D-A9BE-FADED4D8921D} = {0552E96D-F4A2-460A-ABC2-D0E65C318744}
		{BF62D377-8501-4660-9CE7-332758C0BC7C} = {0552E96D-F4A2-460A-ABC2-D0E65C318744}
		{CD4BF862-87F7-4D15-A9B3-DA3039C1F46E} = {0552E96D-F4A2-460A-ABC2-D0E65C318744}
		{834D66C0-5497-4771-B99D-D26F95D0C007} = {2A770C48-88B3-4F6F-B047-DDF210BF992C}
	EndGlobalSection
	GlobalSection(ExtensibilityGlobals) = postSolution
		SolutionGuid = {5651E776-927A-458D-89E6-6B51CB8C0A8C}
	EndGlobalSection
EndGlobal
